<?xml version="1.0" encoding="utf-8"?>
<Project ToolsVersion="4.0" xmlns="http://schemas.microsoft.com/developer/msbuild/2003">
  <ItemGroup>
    <Filter Include="소스 파일">
      <UniqueIdentifier>{4FC737F1-C7A5-4376-A066-2A32D752A2FF}</UniqueIdentifier>
      <Extensions>cpp;c;cc;cxx;def;odl;idl;hpj;bat;asm;asmx</Extensions>
    </Filter>
    <Filter Include="헤더 파일">
      <UniqueIdentifier>{93995380-89BD-4b04-88EB-625FBE52EBFB}</UniqueIdentifier>
      <Extensions>h;hh;hpp;hxx;hm;inl;inc;xsd</Extensions>
    </Filter>
    <Filter Include="리소스 파일">
      <UniqueIdentifier>{67DA6AB6-F800-4c08-8B7A-83BB121AAD01}</UniqueIdentifier>
      <Extensions>rc;ico;cur;bmp;dlg;rc2;rct;bin;rgs;gif;jpg;jpeg;jpe;resx;tiff;tif;png;wav;mfcribbon-ms</Extensions>
    </Filter>
  </ItemGroup>
  <ItemGroup>
    <ClCompile Include="main.cpp">
      <Filter>소스 파일</Filter>
    </ClCompile>
    <ClCompile Include="src\graphics\window.cpp">
      <Filter>소스 파일</Filter>
    </ClCompile>
    <ClCompile Include="src\graphics\shaders.cpp">
      <Filter>소스 파일</Filter>
    </ClCompile>
    <ClCompile Include="src\graphics\camera.cpp">
      <Filter>소스 파일</Filter>
    </ClCompile>
    <ClCompile Include="src\graphics\mesh.cpp">
      <Filter>소스 파일</Filter>
    </ClCompile>
    <ClCompile Include="src\graphics\model.cpp">
      <Filter>소스 파일</Filter>
    </ClCompile>
    <ClCompile Include="src\graphics\Texture2D.cpp">
      <Filter>소스 파일</Filter>
    </ClCompile>
    <ClCompile Include="src\graphics\TextureCube.cpp">
      <Filter>소스 파일</Filter>
    </ClCompile>
    <ClCompile Include="src\graphics\TextureDepth.cpp">
      <Filter>소스 파일</Filter>
    </ClCompile>
    <ClCompile Include="src\utils\imageloader.cpp">
      <Filter>소스 파일</Filter>
    </ClCompile>
    <ClCompile Include="src\graphics\IndexBuffer.cpp">
      <Filter>소스 파일</Filter>
    </ClCompile>
    <ClCompile Include="src\graphics\BufferLayout.cpp">
      <Filter>소스 파일</Filter>
    </ClCompile>
    <ClCompile Include="src\graphics\VertexBuffer.cpp">
      <Filter>소스 파일</Filter>
    </ClCompile>
    <ClCompile Include="src\graphics\VertexArray.cpp">
      <Filter>소스 파일</Filter>
    </ClCompile>
    <ClCompile Include="src\graphics\FrameBufferDepth.cpp">
      <Filter>소스 파일</Filter>
    </ClCompile>
    <ClCompile Include="src\graphics\Framebuffer2D.cpp">
      <Filter>소스 파일</Filter>
    </ClCompile>
    <ClCompile Include="src\graphics\UniformBuffer.cpp">
      <Filter>소스 파일</Filter>
    </ClCompile>
    <ClCompile Include="src\platform\opengl\GLError.cpp">
      <Filter>소스 파일</Filter>
    </ClCompile>
    <ClCompile Include="src\graphics\ForwardRenderer.cpp">
      <Filter>소스 파일</Filter>
    </ClCompile>
    <ClCompile Include="src\graphics\ShaderSet.cpp">
      <Filter>소스 파일</Filter>
    </ClCompile>
  </ItemGroup>
  <ItemGroup>
    <ClInclude Include="src\graphics\window.h">
      <Filter>헤더 파일</Filter>
    </ClInclude>
    <ClInclude Include="src\utils\FileUtils.h">
      <Filter>헤더 파일</Filter>
    </ClInclude>
    <ClInclude Include="src\graphics\shaders.h">
      <Filter>헤더 파일</Filter>
    </ClInclude>
    <ClInclude Include="src\utils\timer.h">
      <Filter>헤더 파일</Filter>
    </ClInclude>
    <ClInclude Include="src\utils\imageloader.h">
      <Filter>헤더 파일</Filter>
    </ClInclude>
    <ClInclude Include="src\graphics\texture.h">
      <Filter>헤더 파일</Filter>
    </ClInclude>
    <ClInclude Include="src\graphics\camera.h">
      <Filter>헤더 파일</Filter>
    </ClInclude>
    <ClInclude Include="src\utils\stb_image.h">
      <Filter>헤더 파일</Filter>
    </ClInclude>
    <ClInclude Include="src\graphics\mesh.h">
      <Filter>헤더 파일</Filter>
    </ClInclude>
    <ClInclude Include="src\graphics\model.h">
      <Filter>헤더 파일</Filter>
    </ClInclude>
    <ClInclude Include="src\graphics\Texture2D.h">
      <Filter>헤더 파일</Filter>
    </ClInclude>
    <ClInclude Include="src\graphics\TextureCube.h">
      <Filter>헤더 파일</Filter>
    </ClInclude>
    <ClInclude Include="src\graphics\TextureDepth.h">
      <Filter>헤더 파일</Filter>
    </ClInclude>
    <ClInclude Include="src\graphics\IndexBuffer.h">
      <Filter>헤더 파일</Filter>
    </ClInclude>
    <ClInclude Include="src\graphics\VertexBuffer.h">
      <Filter>헤더 파일</Filter>
    </ClInclude>
    <ClInclude Include="src\graphics\BufferLayout.h">
      <Filter>헤더 파일</Filter>
    </ClInclude>
    <ClInclude Include="src\graphics\VertexArray.h">
      <Filter>헤더 파일</Filter>
    </ClInclude>
    <ClInclude Include="src\graphics\Buffer.h">
      <Filter>헤더 파일</Filter>
    </ClInclude>
    <ClInclude Include="src\graphics\FrameBufferDepth.h">
      <Filter>헤더 파일</Filter>
    </ClInclude>
    <ClInclude Include="src\graphics\Framebuffer2D.h">
      <Filter>헤더 파일</Filter>
    </ClInclude>
    <ClInclude Include="src\graphics\Light.h">
      <Filter>헤더 파일</Filter>
    </ClInclude>
    <ClInclude Include="src\graphics\UniformBuffer.h">
      <Filter>헤더 파일</Filter>
    </ClInclude>
    <ClInclude Include="src\platform\opengl\GLCommon.h">
      <Filter>헤더 파일</Filter>
    </ClInclude>
    <ClInclude Include="src\graphics\Renderer3D.h">
      <Filter>헤더 파일</Filter>
    </ClInclude>
    <ClInclude Include="src\graphics\RenderCommand.h">
      <Filter>헤더 파일</Filter>
    </ClInclude>
    <ClInclude Include="src\graphics\ForwardRenderer.h">
      <Filter>헤더 파일</Filter>
    </ClInclude>
    <ClInclude Include="src\graphics\ShaderSet.h">
      <Filter>헤더 파일</Filter>
    </ClInclude>
    <ClInclude Include="res\shaders\ParallaxMapping.vert">
      <Filter>헤더 파일</Filter>
    </ClInclude>
  </ItemGroup>
  <ItemGroup>
    <None Include="Properties\Sparky.props" />
    <None Include="res\shaders\applyShadowShader.frag" />
    <None Include="res\shaders\applyShadowShader.vert" />
    <None Include="res\shaders\basicLightShader.frag" />
    <None Include="res\shaders\basicLightShader.vert" />
    <None Include="res\shaders\createShadowShader.frag" />
    <None Include="res\shaders\createShadowShader.vert" />
    <None Include="res\shaders\cubemapShader.frag" />
    <None Include="res\shaders\cubemapShader.vert" />
    <None Include="res\shaders\debugShader.frag" />
    <None Include="res\shaders\debugShader.vert" />
    <None Include="res\shaders\modelShader.frag" />
    <None Include="res\shaders\modelShader.vert" />
    <None Include="res\shaders\normalMappingShader.frag" />
    <None Include="res\shaders\normalMappingShader.vert" />
    <None Include="res\shaders\normalVecShader.frag" />
    <None Include="res\shaders\normalVecShader.geom" />
    <None Include="res\shaders\normalVecShader.vert" />
    <None Include="res\shaders\preamble.glsl" />
    <None Include="res\shaders\ParallaxMapping.frag" />
  </ItemGroup>
</Project>