<?xml version="1.0" encoding="utf-8"?>
<Project ToolsVersion="4.0" xmlns="http://schemas.microsoft.com/developer/msbuild/2003">
  <ItemGroup>
    <Filter Include="소스 파일">
      <UniqueIdentifier>{4FC737F1-C7A5-4376-A066-2A32D752A2FF}</UniqueIdentifier>
      <Extensions>cpp;c;cc;cxx;def;odl;idl;hpj;bat;asm;asmx</Extensions>
    </Filter>
    <Filter Include="헤더 파일">
      <UniqueIdentifier>{93995380-89BD-4b04-88EB-625FBE52EBFB}</UniqueIdentifier>
      <Extensions>h;hh;hpp;hxx;hm;inl;inc;xsd</Extensions>
    </Filter>
    <Filter Include="리소스 파일">
      <UniqueIdentifier>{67DA6AB6-F800-4c08-8B7A-83BB121AAD01}</UniqueIdentifier>
      <Extensions>rc;ico;cur;bmp;dlg;rc2;rct;bin;rgs;gif;jpg;jpeg;jpe;resx;tiff;tif;png;wav;mfcribbon-ms</Extensions>
    </Filter>
  </ItemGroup>
  <ItemGroup>
    <ClCompile Include="main.cpp">
      <Filter>소스 파일</Filter>
    </ClCompile>
    <ClCompile Include="src\graphics\window.cpp">
      <Filter>소스 파일</Filter>
    </ClCompile>
    <ClCompile Include="src\graphics\shaders.cpp">
      <Filter>소스 파일</Filter>
    </ClCompile>
    <ClCompile Include="src\graphics\texture.cpp">
      <Filter>소스 파일</Filter>
    </ClCompile>
    <ClCompile Include="src\graphics\camera.cpp">
      <Filter>소스 파일</Filter>
    </ClCompile>
    <ClCompile Include="src\graphics\mesh.cpp">
      <Filter>소스 파일</Filter>
    </ClCompile>
    <ClCompile Include="src\graphics\model.cpp">
      <Filter>소스 파일</Filter>
    </ClCompile>
    <ClCompile Include="src\graphics\ShaderFactory\ShaderFactory.cpp">
      <Filter>소스 파일</Filter>
    </ClCompile>
  </ItemGroup>
  <ItemGroup>
    <ClInclude Include="src\graphics\window.h">
      <Filter>헤더 파일</Filter>
    </ClInclude>
    <ClInclude Include="src\utils\FileUtils.h">
      <Filter>헤더 파일</Filter>
    </ClInclude>
    <ClInclude Include="src\graphics\shaders.h">
      <Filter>헤더 파일</Filter>
    </ClInclude>
    <ClInclude Include="src\utils\timer.h">
      <Filter>헤더 파일</Filter>
    </ClInclude>
    <ClInclude Include="src\utils\imageloader.h">
      <Filter>헤더 파일</Filter>
    </ClInclude>
    <ClInclude Include="src\graphics\texture.h">
      <Filter>헤더 파일</Filter>
    </ClInclude>
    <ClInclude Include="src\graphics\camera.h">
      <Filter>헤더 파일</Filter>
    </ClInclude>
    <ClInclude Include="src\utils\stb_image.h">
      <Filter>헤더 파일</Filter>
    </ClInclude>
    <ClInclude Include="src\graphics\mesh.h">
      <Filter>헤더 파일</Filter>
    </ClInclude>
    <ClInclude Include="src\graphics\model.h">
      <Filter>헤더 파일</Filter>
    </ClInclude>
    <ClInclude Include="src\graphics\ShaderFactory\ShaderFactory.h">
      <Filter>헤더 파일</Filter>
    </ClInclude>
  </ItemGroup>
  <ItemGroup>
    <None Include="src\shaders\lineShader.vert" />
    <None Include="src\shaders\lineShader.frag" />
    <None Include="src\shaders\modelShader.vert" />
    <None Include="src\shaders\modelShader.frag" />
    <None Include="src\shaders\depthTest.vert" />
    <None Include="src\shaders\depthTest.frag" />
    <None Include="src\shaders\blendShader.vert" />
    <None Include="src\shaders\blendShader.frag" />
    <None Include="src\shaders\basicShaderInverse.frag" />
    <None Include="src\shaders\basicShaderGrayScale.frag" />
    <None Include="src\shaders\basicShaderKernel.frag" />
    <None Include="src\shaders\basicShaderBlur.frag" />
    <None Include="src\shaders\cubemapShader.vert" />
    <None Include="src\shaders\cubemapShader.frag" />
    <None Include="src\graphics\basicShader.frag">
      <Filter>헤더 파일</Filter>
    </None>
    <None Include="src\shaders\basicShader.geom" />
    <None Include="src\shaders\instanceShader.vert" />
    <None Include="src\shaders\instanceShader.frag" />
    <None Include="src\shaders\createShadowShader.vert" />
    <None Include="src\shaders\createShadowShader.frag" />
    <None Include="src\shaders\applyShadow.vert" />
    <None Include="src\shaders\applyShadow.frag" />
    <None Include="src\graphics\ShaderFactory\Shaders\normalVecShader.frag" />
    <None Include="src\graphics\ShaderFactory\Shaders\normalVecShader.geom" />
    <None Include="src\graphics\ShaderFactory\Shaders\normalVecShader.vert" />
    <None Include="src\graphics\ShaderFactory\Shaders\basicLightShader.vert" />
    <None Include="src\graphics\ShaderFactory\Shaders\basicLightShader.frag" />
    <None Include="src\graphics\ShaderFactory\Shaders\debugShader.vert" />
    <None Include="src\graphics\ShaderFactory\Shaders\debugShader.frag" />
  </ItemGroup>
</Project>